// !$*UTF8*$!
{
	archiveVersion = 1;
	classes = {
	};
	objectVersion = 46;
	objects = {

/* Begin PBXBuildFile section */
		6F0F334E228C80FF5642D731 /* libPods-OnsiteTexts.a in Frameworks */ = {isa = PBXBuildFile; fileRef = 515D611679C6818ED9E558D1 /* libPods-OnsiteTexts.a */; };
		70A779331B7B91670036DD52 /* main.m in Sources */ = {isa = PBXBuildFile; fileRef = 70A779321B7B91670036DD52 /* main.m */; };
		70A779361B7B91670036DD52 /* AppDelegate.m in Sources */ = {isa = PBXBuildFile; fileRef = 70A779351B7B91670036DD52 /* AppDelegate.m */; };
		70A7793C1B7B91670036DD52 /* Main.storyboard in Resources */ = {isa = PBXBuildFile; fileRef = 70A7793A1B7B91670036DD52 /* Main.storyboard */; };
		70A7793E1B7B91670036DD52 /* Images.xcassets in Resources */ = {isa = PBXBuildFile; fileRef = 70A7793D1B7B91670036DD52 /* Images.xcassets */; };
		70A779411B7B91670036DD52 /* LaunchScreen.xib in Resources */ = {isa = PBXBuildFile; fileRef = 70A7793F1B7B91670036DD52 /* LaunchScreen.xib */; };
		70A7794D1B7B91670036DD52 /* OnsiteTextsTests.m in Sources */ = {isa = PBXBuildFile; fileRef = 70A7794C1B7B91670036DD52 /* OnsiteTextsTests.m */; };
		70A779581B7B93020036DD52 /* HomeViewController.m in Sources */ = {isa = PBXBuildFile; fileRef = 70A779571B7B93020036DD52 /* HomeViewController.m */; };
		70A7795B1B7B93160036DD52 /* LocationPickerViewController.m in Sources */ = {isa = PBXBuildFile; fileRef = 70A7795A1B7B93160036DD52 /* LocationPickerViewController.m */; };
		70A7795E1B7B93470036DD52 /* ContactPickerViewController.m in Sources */ = {isa = PBXBuildFile; fileRef = 70A7795D1B7B93470036DD52 /* ContactPickerViewController.m */; };
		70A779621B7B94BF0036DD52 /* UIColor+AppStyles.m in Sources */ = {isa = PBXBuildFile; fileRef = 70A779611B7B94BF0036DD52 /* UIColor+AppStyles.m */; };
		70A7796A1B7B98ED0036DD52 /* UIFont+AppStyles.m in Sources */ = {isa = PBXBuildFile; fileRef = 70A779691B7B98ED0036DD52 /* UIFont+AppStyles.m */; };
		70A779701B7B996F0036DD52 /* OpenSans-Bold.ttf in Resources */ = {isa = PBXBuildFile; fileRef = 70A7796C1B7B996F0036DD52 /* OpenSans-Bold.ttf */; };
		70A779711B7B996F0036DD52 /* OpenSans-Light.ttf in Resources */ = {isa = PBXBuildFile; fileRef = 70A7796D1B7B996F0036DD52 /* OpenSans-Light.ttf */; };
		70A779721B7B996F0036DD52 /* OpenSans-Regular.ttf in Resources */ = {isa = PBXBuildFile; fileRef = 70A7796E1B7B996F0036DD52 /* OpenSans-Regular.ttf */; };
		70A779731B7B996F0036DD52 /* OpenSans-Semibold.ttf in Resources */ = {isa = PBXBuildFile; fileRef = 70A7796F1B7B996F0036DD52 /* OpenSans-Semibold.ttf */; };
		70A779771B7BF7DD0036DD52 /* AlertCell.m in Sources */ = {isa = PBXBuildFile; fileRef = 70A779761B7BF7DD0036DD52 /* AlertCell.m */; };
		70A7797B1B7BFB1B0036DD52 /* Alert.m in Sources */ = {isa = PBXBuildFile; fileRef = 70A7797A1B7BFB1B0036DD52 /* Alert.m */; };
		70A779801B7BFB950036DD52 /* SessionManager.m in Sources */ = {isa = PBXBuildFile; fileRef = 70A7797F1B7BFB950036DD52 /* SessionManager.m */; };
/* End PBXBuildFile section */

/* Begin PBXContainerItemProxy section */
		70A779471B7B91670036DD52 /* PBXContainerItemProxy */ = {
			isa = PBXContainerItemProxy;
			containerPortal = 70A779251B7B91670036DD52 /* Project object */;
			proxyType = 1;
			remoteGlobalIDString = 70A7792C1B7B91670036DD52;
			remoteInfo = OnsiteTexts;
		};
/* End PBXContainerItemProxy section */

/* Begin PBXFileReference section */
		4EF171FF95E2CF3C036D52B8 /* Pods-OnsiteTexts.debug.xcconfig */ = {isa = PBXFileReference; includeInIndex = 1; lastKnownFileType = text.xcconfig; name = "Pods-OnsiteTexts.debug.xcconfig"; path = "Pods/Target Support Files/Pods-OnsiteTexts/Pods-OnsiteTexts.debug.xcconfig"; sourceTree = "<group>"; };
		515D611679C6818ED9E558D1 /* libPods-OnsiteTexts.a */ = {isa = PBXFileReference; explicitFileType = archive.ar; includeInIndex = 0; path = "libPods-OnsiteTexts.a"; sourceTree = BUILT_PRODUCTS_DIR; };
		59EC43A2297C934DE849211F /* Pods-OnsiteTexts.release.xcconfig */ = {isa = PBXFileReference; includeInIndex = 1; lastKnownFileType = text.xcconfig; name = "Pods-OnsiteTexts.release.xcconfig"; path = "Pods/Target Support Files/Pods-OnsiteTexts/Pods-OnsiteTexts.release.xcconfig"; sourceTree = "<group>"; };
		70A7792D1B7B91670036DD52 /* OnsiteTexts.app */ = {isa = PBXFileReference; explicitFileType = wrapper.application; includeInIndex = 0; path = OnsiteTexts.app; sourceTree = BUILT_PRODUCTS_DIR; };
		70A779311B7B91670036DD52 /* Info.plist */ = {isa = PBXFileReference; lastKnownFileType = text.plist.xml; path = Info.plist; sourceTree = "<group>"; };
		70A779321B7B91670036DD52 /* main.m */ = {isa = PBXFileReference; lastKnownFileType = sourcecode.c.objc; path = main.m; sourceTree = "<group>"; };
		70A779341B7B91670036DD52 /* AppDelegate.h */ = {isa = PBXFileReference; lastKnownFileType = sourcecode.c.h; path = AppDelegate.h; sourceTree = "<group>"; };
		70A779351B7B91670036DD52 /* AppDelegate.m */ = {isa = PBXFileReference; lastKnownFileType = sourcecode.c.objc; path = AppDelegate.m; sourceTree = "<group>"; };
		70A7793B1B7B91670036DD52 /* Base */ = {isa = PBXFileReference; lastKnownFileType = file.storyboard; name = Base; path = Base.lproj/Main.storyboard; sourceTree = "<group>"; };
		70A7793D1B7B91670036DD52 /* Images.xcassets */ = {isa = PBXFileReference; lastKnownFileType = folder.assetcatalog; path = Images.xcassets; sourceTree = "<group>"; };
		70A779401B7B91670036DD52 /* Base */ = {isa = PBXFileReference; lastKnownFileType = file.xib; name = Base; path = Base.lproj/LaunchScreen.xib; sourceTree = "<group>"; };
		70A779461B7B91670036DD52 /* OnsiteTextsTests.xctest */ = {isa = PBXFileReference; explicitFileType = wrapper.cfbundle; includeInIndex = 0; path = OnsiteTextsTests.xctest; sourceTree = BUILT_PRODUCTS_DIR; };
		70A7794B1B7B91670036DD52 /* Info.plist */ = {isa = PBXFileReference; lastKnownFileType = text.plist.xml; path = Info.plist; sourceTree = "<group>"; };
		70A7794C1B7B91670036DD52 /* OnsiteTextsTests.m */ = {isa = PBXFileReference; lastKnownFileType = sourcecode.c.objc; path = OnsiteTextsTests.m; sourceTree = "<group>"; };
		70A779561B7B93020036DD52 /* HomeViewController.h */ = {isa = PBXFileReference; fileEncoding = 4; lastKnownFileType = sourcecode.c.h; path = HomeViewController.h; sourceTree = "<group>"; };
		70A779571B7B93020036DD52 /* HomeViewController.m */ = {isa = PBXFileReference; fileEncoding = 4; lastKnownFileType = sourcecode.c.objc; path = HomeViewController.m; sourceTree = "<group>"; };
		70A779591B7B93160036DD52 /* LocationPickerViewController.h */ = {isa = PBXFileReference; fileEncoding = 4; lastKnownFileType = sourcecode.c.h; path = LocationPickerViewController.h; sourceTree = "<group>"; };
		70A7795A1B7B93160036DD52 /* LocationPickerViewController.m */ = {isa = PBXFileReference; fileEncoding = 4; lastKnownFileType = sourcecode.c.objc; path = LocationPickerViewController.m; sourceTree = "<group>"; };
		70A7795C1B7B93470036DD52 /* ContactPickerViewController.h */ = {isa = PBXFileReference; fileEncoding = 4; lastKnownFileType = sourcecode.c.h; path = ContactPickerViewController.h; sourceTree = "<group>"; };
		70A7795D1B7B93470036DD52 /* ContactPickerViewController.m */ = {isa = PBXFileReference; fileEncoding = 4; lastKnownFileType = sourcecode.c.objc; path = ContactPickerViewController.m; sourceTree = "<group>"; };
		70A779601B7B94BF0036DD52 /* UIColor+AppStyles.h */ = {isa = PBXFileReference; fileEncoding = 4; lastKnownFileType = sourcecode.c.h; path = "UIColor+AppStyles.h"; sourceTree = "<group>"; };
		70A779611B7B94BF0036DD52 /* UIColor+AppStyles.m */ = {isa = PBXFileReference; fileEncoding = 4; lastKnownFileType = sourcecode.c.objc; path = "UIColor+AppStyles.m"; sourceTree = "<group>"; };
		70A779661B7B97CF0036DD52 /* PrefixHeader.pch */ = {isa = PBXFileReference; lastKnownFileType = sourcecode.c.h; path = PrefixHeader.pch; sourceTree = "<group>"; };
		70A779681B7B98ED0036DD52 /* UIFont+AppStyles.h */ = {isa = PBXFileReference; fileEncoding = 4; lastKnownFileType = sourcecode.c.h; path = "UIFont+AppStyles.h"; sourceTree = "<group>"; };
		70A779691B7B98ED0036DD52 /* UIFont+AppStyles.m */ = {isa = PBXFileReference; fileEncoding = 4; lastKnownFileType = sourcecode.c.objc; path = "UIFont+AppStyles.m"; sourceTree = "<group>"; };
		70A7796C1B7B996F0036DD52 /* OpenSans-Bold.ttf */ = {isa = PBXFileReference; lastKnownFileType = file; path = "OpenSans-Bold.ttf"; sourceTree = "<group>"; };
		70A7796D1B7B996F0036DD52 /* OpenSans-Light.ttf */ = {isa = PBXFileReference; lastKnownFileType = file; path = "OpenSans-Light.ttf"; sourceTree = "<group>"; };
		70A7796E1B7B996F0036DD52 /* OpenSans-Regular.ttf */ = {isa = PBXFileReference; lastKnownFileType = file; path = "OpenSans-Regular.ttf"; sourceTree = "<group>"; };
		70A7796F1B7B996F0036DD52 /* OpenSans-Semibold.ttf */ = {isa = PBXFileReference; lastKnownFileType = file; path = "OpenSans-Semibold.ttf"; sourceTree = "<group>"; };
		70A779751B7BF7DD0036DD52 /* AlertCell.h */ = {isa = PBXFileReference; fileEncoding = 4; lastKnownFileType = sourcecode.c.h; path = AlertCell.h; sourceTree = "<group>"; };
		70A779761B7BF7DD0036DD52 /* AlertCell.m */ = {isa = PBXFileReference; fileEncoding = 4; lastKnownFileType = sourcecode.c.objc; path = AlertCell.m; sourceTree = "<group>"; };
		70A779791B7BFB1B0036DD52 /* Alert.h */ = {isa = PBXFileReference; fileEncoding = 4; lastKnownFileType = sourcecode.c.h; path = Alert.h; sourceTree = "<group>"; };
		70A7797A1B7BFB1B0036DD52 /* Alert.m */ = {isa = PBXFileReference; fileEncoding = 4; lastKnownFileType = sourcecode.c.objc; path = Alert.m; sourceTree = "<group>"; };
		70A7797E1B7BFB950036DD52 /* SessionManager.h */ = {isa = PBXFileReference; fileEncoding = 4; lastKnownFileType = sourcecode.c.h; path = SessionManager.h; sourceTree = "<group>"; };
		70A7797F1B7BFB950036DD52 /* SessionManager.m */ = {isa = PBXFileReference; fileEncoding = 4; lastKnownFileType = sourcecode.c.objc; path = SessionManager.m; sourceTree = "<group>"; };
/* End PBXFileReference section */

/* Begin PBXFrameworksBuildPhase section */
		70A7792A1B7B91670036DD52 /* Frameworks */ = {
			isa = PBXFrameworksBuildPhase;
			buildActionMask = 2147483647;
			files = (
				6F0F334E228C80FF5642D731 /* libPods-OnsiteTexts.a in Frameworks */,
			);
			runOnlyForDeploymentPostprocessing = 0;
		};
		70A779431B7B91670036DD52 /* Frameworks */ = {
			isa = PBXFrameworksBuildPhase;
			buildActionMask = 2147483647;
			files = (
			);
			runOnlyForDeploymentPostprocessing = 0;
		};
/* End PBXFrameworksBuildPhase section */

/* Begin PBXGroup section */
		6CE6B3EBD459372F64F8F5B8 /* Pods */ = {
			isa = PBXGroup;
			children = (
				4EF171FF95E2CF3C036D52B8 /* Pods-OnsiteTexts.debug.xcconfig */,
				59EC43A2297C934DE849211F /* Pods-OnsiteTexts.release.xcconfig */,
			);
			name = Pods;
			sourceTree = "<group>";
		};
		70A779241B7B91670036DD52 = {
			isa = PBXGroup;
			children = (
				70A7792F1B7B91670036DD52 /* OnsiteTexts */,
				70A779491B7B91670036DD52 /* OnsiteTextsTests */,
				70A7792E1B7B91670036DD52 /* Products */,
				6CE6B3EBD459372F64F8F5B8 /* Pods */,
				7D8910113947951954ABE1E0 /* Frameworks */,
			);
			sourceTree = "<group>";
		};
		70A7792E1B7B91670036DD52 /* Products */ = {
			isa = PBXGroup;
			children = (
				70A7792D1B7B91670036DD52 /* OnsiteTexts.app */,
				70A779461B7B91670036DD52 /* OnsiteTextsTests.xctest */,
			);
			name = Products;
			sourceTree = "<group>";
		};
		70A7792F1B7B91670036DD52 /* OnsiteTexts */ = {
			isa = PBXGroup;
			children = (
				70A779341B7B91670036DD52 /* AppDelegate.h */,
				70A779351B7B91670036DD52 /* AppDelegate.m */,
				70A7793A1B7B91670036DD52 /* Main.storyboard */,
				70A7793D1B7B91670036DD52 /* Images.xcassets */,
				70A7797D1B7BFB6F0036DD52 /* Session Manager / Data Layer */,
				70A779631B7B95290036DD52 /* App Styles */,
				70A7795F1B7B935F0036DD52 /* View Controllers */,
				70A7793F1B7B91670036DD52 /* LaunchScreen.xib */,
				70A779301B7B91670036DD52 /* Supporting Files */,
			);
			path = OnsiteTexts;
			sourceTree = "<group>";
		};
		70A779301B7B91670036DD52 /* Supporting Files */ = {
			isa = PBXGroup;
			children = (
				70A779311B7B91670036DD52 /* Info.plist */,
				70A779321B7B91670036DD52 /* main.m */,
				70A779661B7B97CF0036DD52 /* PrefixHeader.pch */,
			);
			name = "Supporting Files";
			sourceTree = "<group>";
		};
		70A779491B7B91670036DD52 /* OnsiteTextsTests */ = {
			isa = PBXGroup;
			children = (
				70A7794C1B7B91670036DD52 /* OnsiteTextsTests.m */,
				70A7794A1B7B91670036DD52 /* Supporting Files */,
			);
			path = OnsiteTextsTests;
			sourceTree = "<group>";
		};
		70A7794A1B7B91670036DD52 /* Supporting Files */ = {
			isa = PBXGroup;
			children = (
				70A7794B1B7B91670036DD52 /* Info.plist */,
			);
			name = "Supporting Files";
			sourceTree = "<group>";
		};
		70A7795F1B7B935F0036DD52 /* View Controllers */ = {
			isa = PBXGroup;
			children = (
				70A779641B7B95390036DD52 /* Home */,
				70A779651B7B954A0036DD52 /* Create New */,
			);
			name = "View Controllers";
			sourceTree = "<group>";
		};
		70A779631B7B95290036DD52 /* App Styles */ = {
			isa = PBXGroup;
			children = (
				70A779671B7B98D30036DD52 /* UIColor+AppStyles */,
				70A7796B1B7B98F50036DD52 /* UIFont+AppStyles */,
			);
			name = "App Styles";
			sourceTree = "<group>";
		};
		70A779641B7B95390036DD52 /* Home */ = {
			isa = PBXGroup;
			children = (
				70A779561B7B93020036DD52 /* HomeViewController.h */,
				70A779571B7B93020036DD52 /* HomeViewController.m */,
				70A779781B7BF7E30036DD52 /* Cell */,
			);
			name = Home;
			sourceTree = "<group>";
		};
		70A779651B7B954A0036DD52 /* Create New */ = {
			isa = PBXGroup;
			children = (
				70A779591B7B93160036DD52 /* LocationPickerViewController.h */,
				70A7795A1B7B93160036DD52 /* LocationPickerViewController.m */,
				70A7795C1B7B93470036DD52 /* ContactPickerViewController.h */,
				70A7795D1B7B93470036DD52 /* ContactPickerViewController.m */,
			);
			name = "Create New";
			sourceTree = "<group>";
		};
		70A779671B7B98D30036DD52 /* UIColor+AppStyles */ = {
			isa = PBXGroup;
			children = (
				70A779601B7B94BF0036DD52 /* UIColor+AppStyles.h */,
				70A779611B7B94BF0036DD52 /* UIColor+AppStyles.m */,
			);
			name = "UIColor+AppStyles";
			sourceTree = "<group>";
		};
		70A7796B1B7B98F50036DD52 /* UIFont+AppStyles */ = {
			isa = PBXGroup;
			children = (
				70A779681B7B98ED0036DD52 /* UIFont+AppStyles.h */,
				70A779691B7B98ED0036DD52 /* UIFont+AppStyles.m */,
				70A779741B7B99730036DD52 /* OpenSans */,
			);
			name = "UIFont+AppStyles";
			sourceTree = "<group>";
		};
		70A779741B7B99730036DD52 /* OpenSans */ = {
			isa = PBXGroup;
			children = (
				70A7796C1B7B996F0036DD52 /* OpenSans-Bold.ttf */,
				70A7796D1B7B996F0036DD52 /* OpenSans-Light.ttf */,
				70A7796E1B7B996F0036DD52 /* OpenSans-Regular.ttf */,
				70A7796F1B7B996F0036DD52 /* OpenSans-Semibold.ttf */,
			);
			name = OpenSans;
			sourceTree = "<group>";
		};
		70A779781B7BF7E30036DD52 /* Cell */ = {
			isa = PBXGroup;
			children = (
				70A779751B7BF7DD0036DD52 /* AlertCell.h */,
				70A779761B7BF7DD0036DD52 /* AlertCell.m */,
			);
			name = Cell;
			sourceTree = "<group>";
		};
		70A7797C1B7BFB690036DD52 /* Data Model */ = {
			isa = PBXGroup;
			children = (
				70A779791B7BFB1B0036DD52 /* Alert.h */,
				70A7797A1B7BFB1B0036DD52 /* Alert.m */,
			);
			name = "Data Model";
			sourceTree = "<group>";
		};
		70A7797D1B7BFB6F0036DD52 /* Session Manager / Data Layer */ = {
			isa = PBXGroup;
			children = (
				70A7797C1B7BFB690036DD52 /* Data Model */,
				70A7797E1B7BFB950036DD52 /* SessionManager.h */,
				70A7797F1B7BFB950036DD52 /* SessionManager.m */,
			);
			name = "Session Manager / Data Layer";
			sourceTree = "<group>";
		};
		7D8910113947951954ABE1E0 /* Frameworks */ = {
			isa = PBXGroup;
			children = (
				515D611679C6818ED9E558D1 /* libPods-OnsiteTexts.a */,
			);
			name = Frameworks;
			sourceTree = "<group>";
		};
/* End PBXGroup section */

/* Begin PBXNativeTarget section */
		70A7792C1B7B91670036DD52 /* OnsiteTexts */ = {
			isa = PBXNativeTarget;
			buildConfigurationList = 70A779501B7B91670036DD52 /* Build configuration list for PBXNativeTarget "OnsiteTexts" */;
			buildPhases = (
				C04F877D067B42861B24249C /* Check Pods Manifest.lock */,
				70A779291B7B91670036DD52 /* Sources */,
				70A7792A1B7B91670036DD52 /* Frameworks */,
				70A7792B1B7B91670036DD52 /* Resources */,
				EE6AF740423E96ED6100E3B7 /* Copy Pods Resources */,
			);
			buildRules = (
			);
			dependencies = (
			);
			name = OnsiteTexts;
			productName = OnsiteTexts;
			productReference = 70A7792D1B7B91670036DD52 /* OnsiteTexts.app */;
			productType = "com.apple.product-type.application";
		};
		70A779451B7B91670036DD52 /* OnsiteTextsTests */ = {
			isa = PBXNativeTarget;
			buildConfigurationList = 70A779531B7B91670036DD52 /* Build configuration list for PBXNativeTarget "OnsiteTextsTests" */;
			buildPhases = (
				70A779421B7B91670036DD52 /* Sources */,
				70A779431B7B91670036DD52 /* Frameworks */,
				70A779441B7B91670036DD52 /* Resources */,
			);
			buildRules = (
			);
			dependencies = (
				70A779481B7B91670036DD52 /* PBXTargetDependency */,
			);
			name = OnsiteTextsTests;
			productName = OnsiteTextsTests;
			productReference = 70A779461B7B91670036DD52 /* OnsiteTextsTests.xctest */;
			productType = "com.apple.product-type.bundle.unit-test";
		};
/* End PBXNativeTarget section */

/* Begin PBXProject section */
		70A779251B7B91670036DD52 /* Project object */ = {
			isa = PBXProject;
			attributes = {
				LastUpgradeCheck = 0640;
				ORGANIZATIONNAME = "Genesis Apps, LLC";
				TargetAttributes = {
					70A7792C1B7B91670036DD52 = {
						CreatedOnToolsVersion = 6.4;
					};
					70A779451B7B91670036DD52 = {
						CreatedOnToolsVersion = 6.4;
						TestTargetID = 70A7792C1B7B91670036DD52;
					};
				};
			};
			buildConfigurationList = 70A779281B7B91670036DD52 /* Build configuration list for PBXProject "OnsiteTexts" */;
			compatibilityVersion = "Xcode 3.2";
			developmentRegion = English;
			hasScannedForEncodings = 0;
			knownRegions = (
				en,
				Base,
			);
			mainGroup = 70A779241B7B91670036DD52;
			productRefGroup = 70A7792E1B7B91670036DD52 /* Products */;
			projectDirPath = "";
			projectRoot = "";
			targets = (
				70A7792C1B7B91670036DD52 /* OnsiteTexts */,
				70A779451B7B91670036DD52 /* OnsiteTextsTests */,
			);
		};
/* End PBXProject section */

/* Begin PBXResourcesBuildPhase section */
		70A7792B1B7B91670036DD52 /* Resources */ = {
			isa = PBXResourcesBuildPhase;
			buildActionMask = 2147483647;
			files = (
				70A7793C1B7B91670036DD52 /* Main.storyboard in Resources */,
				70A779411B7B91670036DD52 /* LaunchScreen.xib in Resources */,
				70A779701B7B996F0036DD52 /* OpenSans-Bold.ttf in Resources */,
				70A779711B7B996F0036DD52 /* OpenSans-Light.ttf in Resources */,
				70A779721B7B996F0036DD52 /* OpenSans-Regular.ttf in Resources */,
				70A779731B7B996F0036DD52 /* OpenSans-Semibold.ttf in Resources */,
				70A7793E1B7B91670036DD52 /* Images.xcassets in Resources */,
			);
			runOnlyForDeploymentPostprocessing = 0;
		};
		70A779441B7B91670036DD52 /* Resources */ = {
			isa = PBXResourcesBuildPhase;
			buildActionMask = 2147483647;
			files = (
			);
			runOnlyForDeploymentPostprocessing = 0;
		};
/* End PBXResourcesBuildPhase section */

/* Begin PBXShellScriptBuildPhase section */
		C04F877D067B42861B24249C /* Check Pods Manifest.lock */ = {
			isa = PBXShellScriptBuildPhase;
			buildActionMask = 2147483647;
			files = (
			);
			inputPaths = (
			);
			name = "Check Pods Manifest.lock";
			outputPaths = (
			);
			runOnlyForDeploymentPostprocessing = 0;
			shellPath = /bin/sh;
			shellScript = "diff \"${PODS_ROOT}/../Podfile.lock\" \"${PODS_ROOT}/Manifest.lock\" > /dev/null\nif [[ $? != 0 ]] ; then\n    cat << EOM\nerror: The sandbox is not in sync with the Podfile.lock. Run 'pod install' or update your CocoaPods installation.\nEOM\n    exit 1\nfi\n";
			showEnvVarsInLog = 0;
		};
		EE6AF740423E96ED6100E3B7 /* Copy Pods Resources */ = {
			isa = PBXShellScriptBuildPhase;
			buildActionMask = 2147483647;
			files = (
			);
			inputPaths = (
			);
			name = "Copy Pods Resources";
			outputPaths = (
			);
			runOnlyForDeploymentPostprocessing = 0;
			shellPath = /bin/sh;
			shellScript = "\"${SRCROOT}/Pods/Target Support Files/Pods-OnsiteTexts/Pods-OnsiteTexts-resources.sh\"\n";
			showEnvVarsInLog = 0;
		};
/* End PBXShellScriptBuildPhase section */

/* Begin PBXSourcesBuildPhase section */
		70A779291B7B91670036DD52 /* Sources */ = {
			isa = PBXSourcesBuildPhase;
			buildActionMask = 2147483647;
			files = (
				70A779801B7BFB950036DD52 /* SessionManager.m in Sources */,
				70A7797B1B7BFB1B0036DD52 /* Alert.m in Sources */,
				70A779361B7B91670036DD52 /* AppDelegate.m in Sources */,
				70A779331B7B91670036DD52 /* main.m in Sources */,
				70A779581B7B93020036DD52 /* HomeViewController.m in Sources */,
				70A779621B7B94BF0036DD52 /* UIColor+AppStyles.m in Sources */,
				70A7795B1B7B93160036DD52 /* LocationPickerViewController.m in Sources */,
				70A7795E1B7B93470036DD52 /* ContactPickerViewController.m in Sources */,
				70A779771B7BF7DD0036DD52 /* AlertCell.m in Sources */,
				70A7796A1B7B98ED0036DD52 /* UIFont+AppStyles.m in Sources */,
			);
			runOnlyForDeploymentPostprocessing = 0;
		};
		70A779421B7B91670036DD52 /* Sources */ = {
			isa = PBXSourcesBuildPhase;
			buildActionMask = 2147483647;
			files = (
				70A7794D1B7B91670036DD52 /* OnsiteTextsTests.m in Sources */,
			);
			runOnlyForDeploymentPostprocessing = 0;
		};
/* End PBXSourcesBuildPhase section */

/* Begin PBXTargetDependency section */
		70A779481B7B91670036DD52 /* PBXTargetDependency */ = {
			isa = PBXTargetDependency;
			target = 70A7792C1B7B91670036DD52 /* OnsiteTexts */;
			targetProxy = 70A779471B7B91670036DD52 /* PBXContainerItemProxy */;
		};
/* End PBXTargetDependency section */

/* Begin PBXVariantGroup section */
		70A7793A1B7B91670036DD52 /* Main.storyboard */ = {
			isa = PBXVariantGroup;
			children = (
				70A7793B1B7B91670036DD52 /* Base */,
			);
			name = Main.storyboard;
			sourceTree = "<group>";
		};
		70A7793F1B7B91670036DD52 /* LaunchScreen.xib */ = {
			isa = PBXVariantGroup;
			children = (
				70A779401B7B91670036DD52 /* Base */,
			);
			name = LaunchScreen.xib;
			sourceTree = "<group>";
		};
/* End PBXVariantGroup section */

/* Begin XCBuildConfiguration section */
		70A7794E1B7B91670036DD52 /* Debug */ = {
			isa = XCBuildConfiguration;
			buildSettings = {
				ALWAYS_SEARCH_USER_PATHS = NO;
				CLANG_CXX_LANGUAGE_STANDARD = "gnu++0x";
				CLANG_CXX_LIBRARY = "libc++";
				CLANG_ENABLE_MODULES = YES;
				CLANG_ENABLE_OBJC_ARC = YES;
				CLANG_WARN_BOOL_CONVERSION = YES;
				CLANG_WARN_CONSTANT_CONVERSION = YES;
				CLANG_WARN_DIRECT_OBJC_ISA_USAGE = YES_ERROR;
				CLANG_WARN_EMPTY_BODY = YES;
				CLANG_WARN_ENUM_CONVERSION = YES;
				CLANG_WARN_INT_CONVERSION = YES;
				CLANG_WARN_OBJC_ROOT_CLASS = YES_ERROR;
				CLANG_WARN_UNREACHABLE_CODE = YES;
				CLANG_WARN__DUPLICATE_METHOD_MATCH = YES;
				"CODE_SIGN_IDENTITY[sdk=iphoneos*]" = "iPhone Developer";
				COPY_PHASE_STRIP = NO;
				DEBUG_INFORMATION_FORMAT = "dwarf-with-dsym";
				ENABLE_STRICT_OBJC_MSGSEND = YES;
				GCC_C_LANGUAGE_STANDARD = gnu99;
				GCC_DYNAMIC_NO_PIC = NO;
				GCC_NO_COMMON_BLOCKS = YES;
				GCC_OPTIMIZATION_LEVEL = 0;
				GCC_PREPROCESSOR_DEFINITIONS = (
					"DEBUG=1",
					"$(inherited)",
				);
				GCC_SYMBOLS_PRIVATE_EXTERN = NO;
				GCC_WARN_64_TO_32_BIT_CONVERSION = YES;
				GCC_WARN_ABOUT_RETURN_TYPE = YES_ERROR;
				GCC_WARN_UNDECLARED_SELECTOR = YES;
				GCC_WARN_UNINITIALIZED_AUTOS = YES_AGGRESSIVE;
				GCC_WARN_UNUSED_FUNCTION = YES;
				GCC_WARN_UNUSED_VARIABLE = YES;
				IPHONEOS_DEPLOYMENT_TARGET = 8.4;
				MTL_ENABLE_DEBUG_INFO = YES;
				ONLY_ACTIVE_ARCH = YES;
				SDKROOT = iphoneos;
			};
			name = Debug;
		};
		70A7794F1B7B91670036DD52 /* Release */ = {
			isa = XCBuildConfiguration;
			buildSettings = {
				ALWAYS_SEARCH_USER_PATHS = NO;
				CLANG_CXX_LANGUAGE_STANDARD = "gnu++0x";
				CLANG_CXX_LIBRARY = "libc++";
				CLANG_ENABLE_MODULES = YES;
				CLANG_ENABLE_OBJC_ARC = YES;
				CLANG_WARN_BOOL_CONVERSION = YES;
				CLANG_WARN_CONSTANT_CONVERSION = YES;
				CLANG_WARN_DIRECT_OBJC_ISA_USAGE = YES_ERROR;
				CLANG_WARN_EMPTY_BODY = YES;
				CLANG_WARN_ENUM_CONVERSION = YES;
				CLANG_WARN_INT_CONVERSION = YES;
				CLANG_WARN_OBJC_ROOT_CLASS = YES_ERROR;
				CLANG_WARN_UNREACHABLE_CODE = YES;
				CLANG_WARN__DUPLICATE_METHOD_MATCH = YES;
				"CODE_SIGN_IDENTITY[sdk=iphoneos*]" = "iPhone Developer";
				COPY_PHASE_STRIP = NO;
				DEBUG_INFORMATION_FORMAT = "dwarf-with-dsym";
				ENABLE_NS_ASSERTIONS = NO;
				ENABLE_STRICT_OBJC_MSGSEND = YES;
				GCC_C_LANGUAGE_STANDARD = gnu99;
				GCC_NO_COMMON_BLOCKS = YES;
				GCC_WARN_64_TO_32_BIT_CONVERSION = YES;
				GCC_WARN_ABOUT_RETURN_TYPE = YES_ERROR;
				GCC_WARN_UNDECLARED_SELECTOR = YES;
				GCC_WARN_UNINITIALIZED_AUTOS = YES_AGGRESSIVE;
				GCC_WARN_UNUSED_FUNCTION = YES;
				GCC_WARN_UNUSED_VARIABLE = YES;
				IPHONEOS_DEPLOYMENT_TARGET = 8.4;
				MTL_ENABLE_DEBUG_INFO = NO;
				SDKROOT = iphoneos;
				VALIDATE_PRODUCT = YES;
			};
			name = Release;
		};
		70A779511B7B91670036DD52 /* Debug */ = {
			isa = XCBuildConfiguration;
			baseConfigurationReference = 4EF171FF95E2CF3C036D52B8 /* Pods-OnsiteTexts.debug.xcconfig */;
			buildSettings = {
				ASSETCATALOG_COMPILER_APPICON_NAME = AppIcon;
				GCC_PREFIX_HEADER = "/Users/davidhodge/Documents/Github Repos/onsite-texts-ios/OnsiteTexts/OnsiteTexts/PrefixHeader.pch";
				INFOPLIST_FILE = OnsiteTexts/Info.plist;
				LD_RUNPATH_SEARCH_PATHS = "$(inherited) @executable_path/Frameworks";
				PRODUCT_NAME = "$(TARGET_NAME)";
			};
			name = Debug;
		};
		70A779521B7B91670036DD52 /* Release */ = {
			isa = XCBuildConfiguration;
			baseConfigurationReference = 59EC43A2297C934DE849211F /* Pods-OnsiteTexts.release.xcconfig */;
			buildSettings = {
				ASSETCATALOG_COMPILER_APPICON_NAME = AppIcon;
				GCC_PREFIX_HEADER = "/Users/davidhodge/Documents/Github Repos/onsite-texts-ios/OnsiteTexts/OnsiteTexts/PrefixHeader.pch";
				INFOPLIST_FILE = OnsiteTexts/Info.plist;
				LD_RUNPATH_SEARCH_PATHS = "$(inherited) @executable_path/Frameworks";
				PRODUCT_NAME = "$(TARGET_NAME)";
			};
			name = Release;
		};
		70A779541B7B91670036DD52 /* Debug */ = {
			isa = XCBuildConfiguration;
			buildSettings = {
				BUNDLE_LOADER = "$(TEST_HOST)";
				FRAMEWORK_SEARCH_PATHS = (
					"$(SDKROOT)/Developer/Library/Frameworks",
					"$(inherited)",
				);
				GCC_PREPROCESSOR_DEFINITIONS = (
					"DEBUG=1",
					"$(inherited)",
				);
				INFOPLIST_FILE = OnsiteTextsTests/Info.plist;
				LD_RUNPATH_SEARCH_PATHS = "$(inherited) @executable_path/Frameworks @loader_path/Frameworks";
				PRODUCT_NAME = "$(TARGET_NAME)";
				TEST_HOST = "$(BUILT_PRODUCTS_DIR)/OnsiteTexts.app/OnsiteTexts";
			};
			name = Debug;
		};
		70A779551B7B91670036DD52 /* Release */ = {
			isa = XCBuildConfiguration;
			buildSettings = {
				BUNDLE_LOADER = "$(TEST_HOST)";
				FRAMEWORK_SEARCH_PATHS = (
					"$(SDKROOT)/Developer/Library/Frameworks",
					"$(inherited)",
				);
				INFOPLIST_FILE = OnsiteTextsTests/Info.plist;
				LD_RUNPATH_SEARCH_PATHS = "$(inherited) @executable_path/Frameworks @loader_path/Frameworks";
				PRODUCT_NAME = "$(TARGET_NAME)";
				TEST_HOST = "$(BUILT_PRODUCTS_DIR)/OnsiteTexts.app/OnsiteTexts";
			};
			name = Release;
		};
/* End XCBuildConfiguration section */

/* Begin XCConfigurationList section */
		70A779281B7B91670036DD52 /* Build configuration list for PBXProject "OnsiteTexts" */ = {
			isa = XCConfigurationList;
			buildConfigurations = (
				70A7794E1B7B91670036DD52 /* Debug */,
				70A7794F1B7B91670036DD52 /* Release */,
			);
			defaultConfigurationIsVisible = 0;
			defaultConfigurationName = Release;
		};
		70A779501B7B91670036DD52 /* Build configuration list for PBXNativeTarget "OnsiteTexts" */ = {
			isa = XCConfigurationList;
			buildConfigurations = (
				70A779511B7B91670036DD52 /* Debug */,
				70A779521B7B91670036DD52 /* Release */,
			);
			defaultConfigurationIsVisible = 0;
			defaultConfigurationName = Release;
		};
		70A779531B7B91670036DD52 /* Build configuration list for PBXNativeTarget "OnsiteTextsTests" */ = {
			isa = XCConfigurationList;
			buildConfigurations = (
				70A779541B7B91670036DD52 /* Debug */,
				70A779551B7B91670036DD52 /* Release */,
			);
			defaultConfigurationIsVisible = 0;
			defaultConfigurationName = Release;
		};
/* End XCConfigurationList section */
	};
	rootObject = 70A779251B7B91670036DD52 /* Project object */;
}
